<Solution>
  <Project Path="BookStoreApp.API/BookStoreApp.API.csproj" />
  <Project Path="BookStoreApp.Blazor.Server.UI/BookStoreApp.Blazor.Server.UI.csproj" Id="e62d6296-ce52-45b0-a635-431940518eef" />
  <Project Path="BookStoreApp.Blazor.WebAssembly.UI/BookStoreApp.Blazor.WebAssembly.UI.csproj" Id="53bd9425-91f1-4497-b154-d162b23edfe6" />
</Solution>
